hash: 53631256b18ad67729c084e889cc48a26ddb71996a9ac51a02dc0f75a715b016
updated: 2016-07-19T16:42:25.64010548+02:00
imports:
- name: github.com/aws/aws-sdk-go
  version: bc2c5714d312337494394909e7cc3a19a2e68530
  subpackages:
  - aws/session
  - service/kms
  - aws
  - aws/client
  - aws/corehandlers
  - aws/defaults
  - aws/request
  - private/endpoints
  - aws/awsutil
  - aws/client/metadata
  - private/protocol
  - private/protocol/jsonrpc
  - private/signer/v4
  - aws/awserr
  - aws/credentials
  - aws/credentials/ec2rolecreds
  - aws/ec2metadata
  - private/protocol/json/jsonutil
  - private/protocol/rest
- name: github.com/cpuguy83/go-md2man
  version: 71acacd42f85e5e82f70a55327789582a5200a90
  subpackages:
  - md2man
- name: github.com/go-errors/errors
  version: a41850380601eeb43f4350f7d17c6bbd8944aaf8
- name: github.com/go-ini/ini
  version: afbd495e5aaea13597b5e14fe514ddeaa4d76fc3
- name: github.com/inconshreveable/mousetrap
  version: 76626ae9c91c4f2a10f34cad8ce83ea42c93bb75
- name: github.com/jmespath/go-jmespath
  version: fba8638ac545c50f9e6855ed106b62ba9f9f3aea
- name: github.com/russross/blackfriday
  version: d18b67ae0afd61dae240896eae1785f00709aa31
- name: github.com/shurcooL/sanitized_anchor_name
  version: 10ef21a441db47d8b13ebcc5fd2310f636973c77
- name: github.com/spf13/cobra
  version: 73665614cb7fd60a66444c4c9f41a2a4e8a26ad7
- name: github.com/spf13/pflag
  version: 08b1a584251b5b62f458943640fc8ebd4d50aaa5
- name: github.com/stretchr/testify
  version: e3a8ff8ce36581f87a15341206f205b1da467059
  subpackages:
  - assert
- name: golang.org/x/crypto
  version: f18420efc3b4f8e9f3d51f6bd2476e92c46260e9
  subpackages:
  - nacl/box
  - nacl/secretbox
  - curve25519
  - salsa20/salsa
  - poly1305
devImports: []
